
Microsoft Visual Studio Solution File, Format Version 12.00
# Visual Studio Version 16
VisualStudioVersion = 16.0.31205.134
MinimumVisualStudioVersion = 10.0.40219.1
Project("{9A19103F-16F7-4668-BE54-9A1E7A4F7556}") = "Spreetail.MultiValueDictionary", "Spreetail.MultiValueDictionary.csproj", "{97B04B9F-3770-481B-BD81-61E03E514EA8}"
EndProject
Global
	GlobalSection(SolutionConfigurationPlatforms) = preSolution
		Debug|Any CPU = Debug|Any CPU
		Release|Any CPU = Release|Any CPU
	EndGlobalSection
	GlobalSection(ProjectConfigurationPlatforms) = postSolution
		{97B04B9F-3770-481B-BD81-61E03E514EA8}.Debug|Any CPU.ActiveCfg = Debug|Any CPU
		{97B04B9F-3770-481B-BD81-61E03E514EA8}.Debug|Any CPU.Build.0 = Debug|Any CPU
		{97B04B9F-3770-481B-BD81-61E03E514EA8}.Release|Any CPU.ActiveCfg = Release|Any CPU
		{97B04B9F-3770-481B-BD81-61E03E514EA8}.Release|Any CPU.Build.0 = Release|Any CPU
	EndGlobalSection
	GlobalSection(SolutionProperties) = preSolution
		HideSolutionNode = FALSE
	EndGlobalSection
	GlobalSection(ExtensibilityGlobals) = postSolution
		SolutionGuid = {A629A11B-F34C-4A95-90C1-DAF1E0F38F73}
	EndGlobalSection
EndGlobal
